
Microsoft Visual Studio Solution File, Format Version 12.00
# Visual Studio Version 17
VisualStudioVersion = 17.10.35122.118
MinimumVisualStudioVersion = 10.0.40219.1
Project("{9A19103F-16F7-4668-BE54-9A1E7A4F7556}") = "ApiAntinarcoticos", "ApiAntinarcoticos\ApiAntinarcoticos.csproj", "{C5B8C117-59A1-4355-A966-D0F2DBBCEAE4}"
EndProject
Project("{9A19103F-16F7-4668-BE54-9A1E7A4F7556}") = "Core.Entidades", "Core.Entidades\Core.Entidades.csproj", "{59115122-26E2-4A73-AD68-70EDAF2809DD}"
EndProject
Project("{9A19103F-16F7-4668-BE54-9A1E7A4F7556}") = "Core.Servicios", "Core.Servicios\Core.Servicios.csproj", "{C67FE0C9-42C0-4630-AE9B-707B483E10BE}"
EndProject
Project("{9A19103F-16F7-4668-BE54-9A1E7A4F7556}") = "Core.Dao", "Core.Dao\Core.Dao.csproj", "{DE88E95F-2770-4210-B8FA-C0B9F15164FE}"
EndProject
Project("{9A19103F-16F7-4668-BE54-9A1E7A4F7556}") = "Core.Negocios", "Core.Negocios\Core.Negocios.csproj", "{9A1A8F1D-ED7A-4D5F-BEFB-BA69963A4BFC}"
EndProject
Project("{9A19103F-16F7-4668-BE54-9A1E7A4F7556}") = "Core.Utilidades", "Core.Utilidades\Core.Utilidades.csproj", "{9FEBD389-C2F3-4CE6-9E71-D584847E86AD}"
EndProject
Global
	GlobalSection(SolutionConfigurationPlatforms) = preSolution
		DEBUG_DESARROLLO|Any CPU = DEBUG_DESARROLLO|Any CPU
		DEBUG_PRODUCCION|Any CPU = DEBUG_PRODUCCION|Any CPU
		DEBUG_PRUEBAS|Any CPU = DEBUG_PRUEBAS|Any CPU
		Debug|Any CPU = Debug|Any CPU
		DESARROLLO|Any CPU = DESARROLLO|Any CPU
		PRODUCCION|Any CPU = PRODUCCION|Any CPU
		PRUEBAS|Any CPU = PRUEBAS|Any CPU
		Release|Any CPU = Release|Any CPU
	EndGlobalSection
	GlobalSection(ProjectConfigurationPlatforms) = postSolution
		{C5B8C117-59A1-4355-A966-D0F2DBBCEAE4}.DEBUG_DESARROLLO|Any CPU.ActiveCfg = DEBUG_DESARROLLO|Any CPU
		{C5B8C117-59A1-4355-A966-D0F2DBBCEAE4}.DEBUG_DESARROLLO|Any CPU.Build.0 = DEBUG_DESARROLLO|Any CPU
		{C5B8C117-59A1-4355-A966-D0F2DBBCEAE4}.DEBUG_PRODUCCION|Any CPU.ActiveCfg = DEBUG_PRODUCCION|Any CPU
		{C5B8C117-59A1-4355-A966-D0F2DBBCEAE4}.DEBUG_PRODUCCION|Any CPU.Build.0 = DEBUG_PRODUCCION|Any CPU
		{C5B8C117-59A1-4355-A966-D0F2DBBCEAE4}.DEBUG_PRUEBAS|Any CPU.ActiveCfg = DEBUG_PRUEBAS|Any CPU
		{C5B8C117-59A1-4355-A966-D0F2DBBCEAE4}.DEBUG_PRUEBAS|Any CPU.Build.0 = DEBUG_PRUEBAS|Any CPU
		{C5B8C117-59A1-4355-A966-D0F2DBBCEAE4}.Debug|Any CPU.ActiveCfg = Debug|Any CPU
		{C5B8C117-59A1-4355-A966-D0F2DBBCEAE4}.Debug|Any CPU.Build.0 = Debug|Any CPU
		{C5B8C117-59A1-4355-A966-D0F2DBBCEAE4}.DESARROLLO|Any CPU.ActiveCfg = DESARROLLO|Any CPU
		{C5B8C117-59A1-4355-A966-D0F2DBBCEAE4}.DESARROLLO|Any CPU.Build.0 = DESARROLLO|Any CPU
		{C5B8C117-59A1-4355-A966-D0F2DBBCEAE4}.PRODUCCION|Any CPU.ActiveCfg = PRODUCCION|Any CPU
		{C5B8C117-59A1-4355-A966-D0F2DBBCEAE4}.PRODUCCION|Any CPU.Build.0 = PRODUCCION|Any CPU
		{C5B8C117-59A1-4355-A966-D0F2DBBCEAE4}.PRUEBAS|Any CPU.ActiveCfg = PRUEBAS|Any CPU
		{C5B8C117-59A1-4355-A966-D0F2DBBCEAE4}.PRUEBAS|Any CPU.Build.0 = PRUEBAS|Any CPU
		{C5B8C117-59A1-4355-A966-D0F2DBBCEAE4}.Release|Any CPU.ActiveCfg = Release|Any CPU
		{C5B8C117-59A1-4355-A966-D0F2DBBCEAE4}.Release|Any CPU.Build.0 = Release|Any CPU
		{59115122-26E2-4A73-AD68-70EDAF2809DD}.DEBUG_DESARROLLO|Any CPU.ActiveCfg = DEBUG_DESARROLLO|Any CPU
		{59115122-26E2-4A73-AD68-70EDAF2809DD}.DEBUG_DESARROLLO|Any CPU.Build.0 = DEBUG_DESARROLLO|Any CPU
		{59115122-26E2-4A73-AD68-70EDAF2809DD}.DEBUG_PRODUCCION|Any CPU.ActiveCfg = DEBUG_PRODUCCION|Any CPU
		{59115122-26E2-4A73-AD68-70EDAF2809DD}.DEBUG_PRODUCCION|Any CPU.Build.0 = DEBUG_PRODUCCION|Any CPU
		{59115122-26E2-4A73-AD68-70EDAF2809DD}.DEBUG_PRUEBAS|Any CPU.ActiveCfg = DEBUG_PRUEBAS|Any CPU
		{59115122-26E2-4A73-AD68-70EDAF2809DD}.DEBUG_PRUEBAS|Any CPU.Build.0 = DEBUG_PRUEBAS|Any CPU
		{59115122-26E2-4A73-AD68-70EDAF2809DD}.Debug|Any CPU.ActiveCfg = Debug|Any CPU
		{59115122-26E2-4A73-AD68-70EDAF2809DD}.Debug|Any CPU.Build.0 = Debug|Any CPU
		{59115122-26E2-4A73-AD68-70EDAF2809DD}.DESARROLLO|Any CPU.ActiveCfg = DESARROLLO|Any CPU
		{59115122-26E2-4A73-AD68-70EDAF2809DD}.DESARROLLO|Any CPU.Build.0 = DESARROLLO|Any CPU
		{59115122-26E2-4A73-AD68-70EDAF2809DD}.PRODUCCION|Any CPU.ActiveCfg = PRODUCCION|Any CPU
		{59115122-26E2-4A73-AD68-70EDAF2809DD}.PRODUCCION|Any CPU.Build.0 = PRODUCCION|Any CPU
		{59115122-26E2-4A73-AD68-70EDAF2809DD}.PRUEBAS|Any CPU.ActiveCfg = PRUEBAS|Any CPU
		{59115122-26E2-4A73-AD68-70EDAF2809DD}.PRUEBAS|Any CPU.Build.0 = PRUEBAS|Any CPU
		{59115122-26E2-4A73-AD68-70EDAF2809DD}.Release|Any CPU.ActiveCfg = Release|Any CPU
		{59115122-26E2-4A73-AD68-70EDAF2809DD}.Release|Any CPU.Build.0 = Release|Any CPU
		{C67FE0C9-42C0-4630-AE9B-707B483E10BE}.DEBUG_DESARROLLO|Any CPU.ActiveCfg = DEBUG_DESARROLLO|Any CPU
		{C67FE0C9-42C0-4630-AE9B-707B483E10BE}.DEBUG_DESARROLLO|Any CPU.Build.0 = DEBUG_DESARROLLO|Any CPU
		{C67FE0C9-42C0-4630-AE9B-707B483E10BE}.DEBUG_PRODUCCION|Any CPU.ActiveCfg = DEBUG_PRODUCCION|Any CPU
		{C67FE0C9-42C0-4630-AE9B-707B483E10BE}.DEBUG_PRODUCCION|Any CPU.Build.0 = DEBUG_PRODUCCION|Any CPU
		{C67FE0C9-42C0-4630-AE9B-707B483E10BE}.DEBUG_PRUEBAS|Any CPU.ActiveCfg = DEBUG_PRUEBAS|Any CPU
		{C67FE0C9-42C0-4630-AE9B-707B483E10BE}.DEBUG_PRUEBAS|Any CPU.Build.0 = DEBUG_PRUEBAS|Any CPU
		{C67FE0C9-42C0-4630-AE9B-707B483E10BE}.Debug|Any CPU.ActiveCfg = Debug|Any CPU
		{C67FE0C9-42C0-4630-AE9B-707B483E10BE}.Debug|Any CPU.Build.0 = Debug|Any CPU
		{C67FE0C9-42C0-4630-AE9B-707B483E10BE}.DESARROLLO|Any CPU.ActiveCfg = DESARROLLO|Any CPU
		{C67FE0C9-42C0-4630-AE9B-707B483E10BE}.DESARROLLO|Any CPU.Build.0 = DESARROLLO|Any CPU
		{C67FE0C9-42C0-4630-AE9B-707B483E10BE}.PRODUCCION|Any CPU.ActiveCfg = Debug|Any CPU
		{C67FE0C9-42C0-4630-AE9B-707B483E10BE}.PRODUCCION|Any CPU.Build.0 = Debug|Any CPU
		{C67FE0C9-42C0-4630-AE9B-707B483E10BE}.PRUEBAS|Any CPU.ActiveCfg = Debug|Any CPU
		{C67FE0C9-42C0-4630-AE9B-707B483E10BE}.PRUEBAS|Any CPU.Build.0 = Debug|Any CPU
		{C67FE0C9-42C0-4630-AE9B-707B483E10BE}.Release|Any CPU.ActiveCfg = Release|Any CPU
		{C67FE0C9-42C0-4630-AE9B-707B483E10BE}.Release|Any CPU.Build.0 = Release|Any CPU
		{DE88E95F-2770-4210-B8FA-C0B9F15164FE}.DEBUG_DESARROLLO|Any CPU.ActiveCfg = DEBUG_DESARROLLO|Any CPU
		{DE88E95F-2770-4210-B8FA-C0B9F15164FE}.DEBUG_DESARROLLO|Any CPU.Build.0 = DEBUG_DESARROLLO|Any CPU
		{DE88E95F-2770-4210-B8FA-C0B9F15164FE}.DEBUG_PRODUCCION|Any CPU.ActiveCfg = DEBUG_PRODUCCION|Any CPU
		{DE88E95F-2770-4210-B8FA-C0B9F15164FE}.DEBUG_PRODUCCION|Any CPU.Build.0 = DEBUG_PRODUCCION|Any CPU
		{DE88E95F-2770-4210-B8FA-C0B9F15164FE}.DEBUG_PRUEBAS|Any CPU.ActiveCfg = DEBUG_PRUEBAS|Any CPU
		{DE88E95F-2770-4210-B8FA-C0B9F15164FE}.DEBUG_PRUEBAS|Any CPU.Build.0 = DEBUG_PRUEBAS|Any CPU
		{DE88E95F-2770-4210-B8FA-C0B9F15164FE}.Debug|Any CPU.ActiveCfg = Debug|Any CPU
		{DE88E95F-2770-4210-B8FA-C0B9F15164FE}.Debug|Any CPU.Build.0 = Debug|Any CPU
		{DE88E95F-2770-4210-B8FA-C0B9F15164FE}.DESARROLLO|Any CPU.ActiveCfg = DESARROLLO|Any CPU
		{DE88E95F-2770-4210-B8FA-C0B9F15164FE}.DESARROLLO|Any CPU.Build.0 = DESARROLLO|Any CPU
		{DE88E95F-2770-4210-B8FA-C0B9F15164FE}.PRODUCCION|Any CPU.ActiveCfg = Debug|Any CPU
		{DE88E95F-2770-4210-B8FA-C0B9F15164FE}.PRODUCCION|Any CPU.Build.0 = Debug|Any CPU
		{DE88E95F-2770-4210-B8FA-C0B9F15164FE}.PRUEBAS|Any CPU.ActiveCfg = Debug|Any CPU
		{DE88E95F-2770-4210-B8FA-C0B9F15164FE}.PRUEBAS|Any CPU.Build.0 = Debug|Any CPU
		{DE88E95F-2770-4210-B8FA-C0B9F15164FE}.Release|Any CPU.ActiveCfg = Release|Any CPU
		{DE88E95F-2770-4210-B8FA-C0B9F15164FE}.Release|Any CPU.Build.0 = Release|Any CPU
		{9A1A8F1D-ED7A-4D5F-BEFB-BA69963A4BFC}.DEBUG_DESARROLLO|Any CPU.ActiveCfg = DEBUG_DESARROLLO|Any CPU
		{9A1A8F1D-ED7A-4D5F-BEFB-BA69963A4BFC}.DEBUG_DESARROLLO|Any CPU.Build.0 = DEBUG_DESARROLLO|Any CPU
		{9A1A8F1D-ED7A-4D5F-BEFB-BA69963A4BFC}.DEBUG_PRODUCCION|Any CPU.ActiveCfg = DEBUG_PRODUCCION|Any CPU
		{9A1A8F1D-ED7A-4D5F-BEFB-BA69963A4BFC}.DEBUG_PRODUCCION|Any CPU.Build.0 = DEBUG_PRODUCCION|Any CPU
		{9A1A8F1D-ED7A-4D5F-BEFB-BA69963A4BFC}.DEBUG_PRUEBAS|Any CPU.ActiveCfg = DEBUG_PRUEBAS|Any CPU
		{9A1A8F1D-ED7A-4D5F-BEFB-BA69963A4BFC}.DEBUG_PRUEBAS|Any CPU.Build.0 = DEBUG_PRUEBAS|Any CPU
		{9A1A8F1D-ED7A-4D5F-BEFB-BA69963A4BFC}.Debug|Any CPU.ActiveCfg = Debug|Any CPU
		{9A1A8F1D-ED7A-4D5F-BEFB-BA69963A4BFC}.Debug|Any CPU.Build.0 = Debug|Any CPU
		{9A1A8F1D-ED7A-4D5F-BEFB-BA69963A4BFC}.DESARROLLO|Any CPU.ActiveCfg = DESARROLLO|Any CPU
		{9A1A8F1D-ED7A-4D5F-BEFB-BA69963A4BFC}.DESARROLLO|Any CPU.Build.0 = DESARROLLO|Any CPU
		{9A1A8F1D-ED7A-4D5F-BEFB-BA69963A4BFC}.PRODUCCION|Any CPU.ActiveCfg = Debug|Any CPU
		{9A1A8F1D-ED7A-4D5F-BEFB-BA69963A4BFC}.PRODUCCION|Any CPU.Build.0 = Debug|Any CPU
		{9A1A8F1D-ED7A-4D5F-BEFB-BA69963A4BFC}.PRUEBAS|Any CPU.ActiveCfg = Debug|Any CPU
		{9A1A8F1D-ED7A-4D5F-BEFB-BA69963A4BFC}.PRUEBAS|Any CPU.Build.0 = Debug|Any CPU
		{9A1A8F1D-ED7A-4D5F-BEFB-BA69963A4BFC}.Release|Any CPU.ActiveCfg = Release|Any CPU
		{9A1A8F1D-ED7A-4D5F-BEFB-BA69963A4BFC}.Release|Any CPU.Build.0 = Release|Any CPU
		{9FEBD389-C2F3-4CE6-9E71-D584847E86AD}.DEBUG_DESARROLLO|Any CPU.ActiveCfg = DEBUG_DESARROLLO|Any CPU
		{9FEBD389-C2F3-4CE6-9E71-D584847E86AD}.DEBUG_DESARROLLO|Any CPU.Build.0 = DEBUG_DESARROLLO|Any CPU
		{9FEBD389-C2F3-4CE6-9E71-D584847E86AD}.DEBUG_PRODUCCION|Any CPU.ActiveCfg = DEBUG_PRODUCCION|Any CPU
		{9FEBD389-C2F3-4CE6-9E71-D584847E86AD}.DEBUG_PRODUCCION|Any CPU.Build.0 = DEBUG_PRODUCCION|Any CPU
		{9FEBD389-C2F3-4CE6-9E71-D584847E86AD}.DEBUG_PRUEBAS|Any CPU.ActiveCfg = DEBUG_PRUEBAS|Any CPU
		{9FEBD389-C2F3-4CE6-9E71-D584847E86AD}.DEBUG_PRUEBAS|Any CPU.Build.0 = DEBUG_PRUEBAS|Any CPU
		{9FEBD389-C2F3-4CE6-9E71-D584847E86AD}.Debug|Any CPU.ActiveCfg = Debug|Any CPU
		{9FEBD389-C2F3-4CE6-9E71-D584847E86AD}.Debug|Any CPU.Build.0 = Debug|Any CPU
		{9FEBD389-C2F3-4CE6-9E71-D584847E86AD}.DESARROLLO|Any CPU.ActiveCfg = DESARROLLO|Any CPU
		{9FEBD389-C2F3-4CE6-9E71-D584847E86AD}.DESARROLLO|Any CPU.Build.0 = DESARROLLO|Any CPU
		{9FEBD389-C2F3-4CE6-9E71-D584847E86AD}.PRODUCCION|Any CPU.ActiveCfg = Debug|Any CPU
		{9FEBD389-C2F3-4CE6-9E71-D584847E86AD}.PRODUCCION|Any CPU.Build.0 = Debug|Any CPU
		{9FEBD389-C2F3-4CE6-9E71-D584847E86AD}.PRUEBAS|Any CPU.ActiveCfg = Debug|Any CPU
		{9FEBD389-C2F3-4CE6-9E71-D584847E86AD}.PRUEBAS|Any CPU.Build.0 = Debug|Any CPU
		{9FEBD389-C2F3-4CE6-9E71-D584847E86AD}.Release|Any CPU.ActiveCfg = Release|Any CPU
		{9FEBD389-C2F3-4CE6-9E71-D584847E86AD}.Release|Any CPU.Build.0 = Release|Any CPU
	EndGlobalSection
	GlobalSection(SolutionProperties) = preSolution
		HideSolutionNode = FALSE
	EndGlobalSection
	GlobalSection(ExtensibilityGlobals) = postSolution
		SolutionGuid = {E66B09C4-2F6C-418A-8A45-10995A94C506}
	EndGlobalSection
EndGlobal
